
Microsoft Visual Studio Solution File, Format Version 12.00
Project("{FAE04EC0-301F-11D3-BF4B-00C04F79EFBC}") = "grupo18-hotel-service-tracker", "grupo18-hotel-service-tracker.csproj", "{CA0BA85F-77A1-4D36-9CB0-DBB413CFEDFB}"
EndProject
Global
	GlobalSection(SolutionConfigurationPlatforms) = preSolution
		Debug|Any CPU = Debug|Any CPU
		Release|Any CPU = Release|Any CPU
	EndGlobalSection
	GlobalSection(ProjectConfigurationPlatforms) = postSolution
		{CA0BA85F-77A1-4D36-9CB0-DBB413CFEDFB}.Debug|Any CPU.ActiveCfg = Debug|Any CPU
		{CA0BA85F-77A1-4D36-9CB0-DBB413CFEDFB}.Debug|Any CPU.Build.0 = Debug|Any CPU
		{CA0BA85F-77A1-4D36-9CB0-DBB413CFEDFB}.Release|Any CPU.ActiveCfg = Release|Any CPU
		{CA0BA85F-77A1-4D36-9CB0-DBB413CFEDFB}.Release|Any CPU.Build.0 = Release|Any CPU
	EndGlobalSection
EndGlobal
